Microsoft Visual Studio Solution File, Format Version 12.00
# Visual Studio Version 17
VisualStudioVersion = 17.5.2.0
MinimumVisualStudioVersion = 10.0.40219.1
Project("{FAE04EC0-301F-11D3-BF4B-00C04F79EFBC}") = "MonoEight.Core", "MonoEight.Core\MonoEight.Core.csproj", "{0F5A3DDA-707B-4C55-8F35-05702A263141}"
EndProject
Project("{FAE04EC0-301F-11D3-BF4B-00C04F79EFBC}") = "Template", "Template\Template.csproj", "{FE0B6EDB-8608-4C3F-BEEA-E4E58FF9C56A}"
EndProject
Global
	GlobalSection(SolutionConfigurationPlatforms) = preSolution
		Debug|Any CPU = Debug|Any CPU
		Release|Any CPU = Release|Any CPU
	EndGlobalSection
	GlobalSection(ProjectConfigurationPlatforms) = postSolution
		{0F5A3DDA-707B-4C55-8F35-05702A263141}.Debug|Any CPU.ActiveCfg = Debug|Any CPU
		{0F5A3DDA-707B-4C55-8F35-05702A263141}.Debug|Any CPU.Build.0 = Debug|Any CPU
		{0F5A3DDA-707B-4C55-8F35-05702A263141}.Release|Any CPU.ActiveCfg = Release|Any CPU
		{0F5A3DDA-707B-4C55-8F35-05702A263141}.Release|Any CPU.Build.0 = Release|Any CPU
		{FE0B6EDB-8608-4C3F-BEEA-E4E58FF9C56A}.Debug|Any CPU.ActiveCfg = Debug|Any CPU
		{FE0B6EDB-8608-4C3F-BEEA-E4E58FF9C56A}.Debug|Any CPU.Build.0 = Debug|Any CPU
		{FE0B6EDB-8608-4C3F-BEEA-E4E58FF9C56A}.Release|Any CPU.ActiveCfg = Release|Any CPU
		{FE0B6EDB-8608-4C3F-BEEA-E4E58FF9C56A}.Release|Any CPU.Build.0 = Release|Any CPU
	EndGlobalSection
	GlobalSection(SolutionProperties) = preSolution
		HideSolutionNode = FALSE
	EndGlobalSection
	GlobalSection(ExtensibilityGlobals) = postSolution
		SolutionGuid = {E4F7D2BD-D35E-49FB-8C69-EF6DF3DEA48D}
	EndGlobalSection
EndGlobal
